
Microsoft Visual Studio Solution File, Format Version 12.00
# Visual Studio Version 16
VisualStudioVersion = 16.0.29806.167
MinimumVisualStudioVersion = 10.0.40219.1
Project("{FAE04EC0-301F-11D3-BF4B-00C04F79EFBC}") = "eCommerceSite", "eCommerceSite\eCommerceSite.csproj", "{C20B1DA6-A2F8-4830-AB04-90BC22D258E8}"
EndProject
Global
	GlobalSection(SolutionConfigurationPlatforms) = preSolution
		Debug|Any CPU = Debug|Any CPU
		Release|Any CPU = Release|Any CPU
	EndGlobalSection
	GlobalSection(ProjectConfigurationPlatforms) = postSolution
		{C20B1DA6-A2F8-4830-AB04-90BC22D258E8}.Debug|Any CPU.ActiveCfg = Debug|Any CPU
		{C20B1DA6-A2F8-4830-AB04-90BC22D258E8}.Debug|Any CPU.Build.0 = Debug|Any CPU
		{C20B1DA6-A2F8-4830-AB04-90BC22D258E8}.Release|Any CPU.ActiveCfg = Release|Any CPU
		{C20B1DA6-A2F8-4830-AB04-90BC22D258E8}.Release|Any CPU.Build.0 = Release|Any CPU
	EndGlobalSection
	GlobalSection(SolutionProperties) = preSolution
		HideSolutionNode = FALSE
	EndGlobalSection
	GlobalSection(ExtensibilityGlobals) = postSolution
		SolutionGuid = {2473F82F-D41D-4505-8A2B-86B792B8F242}
	EndGlobalSection
EndGlobal
